// !$*UTF8*$!
{
	archiveVersion = 1;
	classes = {
	};
	objectVersion = 46;
	objects = {

/* Begin PBXBuildFile section */
		26FF529E1EC1FC3400933BC5 /* AppDelegate.swift in Sources */ = {isa = PBXBuildFile; fileRef = 26FF529D1EC1FC3400933BC5 /* AppDelegate.swift */; };
		26FF52A01EC1FC3400933BC5 /* ViewController.swift in Sources */ = {isa = PBXBuildFile; fileRef = 26FF529F1EC1FC3400933BC5 /* ViewController.swift */; };
		26FF52A31EC1FC3400933BC5 /* Main.storyboard in Resources */ = {isa = PBXBuildFile; fileRef = 26FF52A11EC1FC3400933BC5 /* Main.storyboard */; };
		26FF52A51EC1FC3400933BC5 /* Assets.xcassets in Resources */ = {isa = PBXBuildFile; fileRef = 26FF52A41EC1FC3400933BC5 /* Assets.xcassets */; };
		26FF52A81EC1FC3400933BC5 /* LaunchScreen.storyboard in Resources */ = {isa = PBXBuildFile; fileRef = 26FF52A61EC1FC3400933BC5 /* LaunchScreen.storyboard */; };
		26FF52B11EC1FE4100933BC5 /* UserNumInputs.swift in Sources */ = {isa = PBXBuildFile; fileRef = 26FF52AF1EC1FE4100933BC5 /* UserNumInputs.swift */; };
		26FF52B21EC1FE4100933BC5 /* PassCodeVC.swift in Sources */ = {isa = PBXBuildFile; fileRef = 26FF52B01EC1FE4100933BC5 /* PassCodeVC.swift */; };
		26FF52B41EC2070F00933BC5 /* DataModel.swift in Sources */ = {isa = PBXBuildFile; fileRef = 26FF52B31EC2070F00933BC5 /* DataModel.swift */; };
		26FF52B61EC226EE00933BC5 /* RegistrationVC.swift in Sources */ = {isa = PBXBuildFile; fileRef = 26FF52B51EC226EE00933BC5 /* RegistrationVC.swift */; };
		26FF52BA1EC235DB00933BC5 /* LoginVC.swift in Sources */ = {isa = PBXBuildFile; fileRef = 26FF52B91EC235DB00933BC5 /* LoginVC.swift */; };
		9380CE9C1EC4AE9F00C825E3 /* ExperimentTableVC.swift in Sources */ = {isa = PBXBuildFile; fileRef = 9380CE9B1EC4AE9F00C825E3 /* ExperimentTableVC.swift */; };
/* End PBXBuildFile section */

/* Begin PBXFileReference section */
		26FF529A1EC1FC3400933BC5 /* MyDiploma.app */ = {isa = PBXFileReference; explicitFileType = wrapper.application; includeInIndex = 0; path = MyDiploma.app; sourceTree = BUILT_PRODUCTS_DIR; };
		26FF529D1EC1FC3400933BC5 /* AppDelegate.swift */ = {isa = PBXFileReference; lastKnownFileType = sourcecode.swift; path = AppDelegate.swift; sourceTree = "<group>"; };
		26FF529F1EC1FC3400933BC5 /* ViewController.swift */ = {isa = PBXFileReference; lastKnownFileType = sourcecode.swift; path = ViewController.swift; sourceTree = "<group>"; };
		26FF52A21EC1FC3400933BC5 /* Base */ = {isa = PBXFileReference; lastKnownFileType = file.storyboard; name = Base; path = Base.lproj/Main.storyboard; sourceTree = "<group>"; };
		26FF52A41EC1FC3400933BC5 /* Assets.xcassets */ = {isa = PBXFileReference; lastKnownFileType = folder.assetcatalog; path = Assets.xcassets; sourceTree = "<group>"; };
		26FF52A71EC1FC3400933BC5 /* Base */ = {isa = PBXFileReference; lastKnownFileType = file.storyboard; name = Base; path = Base.lproj/LaunchScreen.storyboard; sourceTree = "<group>"; };
		26FF52A91EC1FC3400933BC5 /* Info.plist */ = {isa = PBXFileReference; lastKnownFileType = text.plist.xml; path = Info.plist; sourceTree = "<group>"; };
		26FF52AF1EC1FE4100933BC5 /* UserNumInputs.swift */ = {isa = PBXFileReference; fileEncoding = 4; lastKnownFileType = sourcecode.swift; path = UserNumInputs.swift; sourceTree = "<group>"; };
		26FF52B01EC1FE4100933BC5 /* PassCodeVC.swift */ = {isa = PBXFileReference; fileEncoding = 4; lastKnownFileType = sourcecode.swift; path = PassCodeVC.swift; sourceTree = "<group>"; };
		26FF52B31EC2070F00933BC5 /* DataModel.swift */ = {isa = PBXFileReference; fileEncoding = 4; lastKnownFileType = sourcecode.swift; path = DataModel.swift; sourceTree = "<group>"; };
		26FF52B51EC226EE00933BC5 /* RegistrationVC.swift */ = {isa = PBXFileReference; fileEncoding = 4; lastKnownFileType = sourcecode.swift; path = RegistrationVC.swift; sourceTree = "<group>"; };
		26FF52B91EC235DB00933BC5 /* LoginVC.swift */ = {isa = PBXFileReference; fileEncoding = 4; lastKnownFileType = sourcecode.swift; path = LoginVC.swift; sourceTree = "<group>"; };
		9380CE9B1EC4AE9F00C825E3 /* ExperimentTableVC.swift */ = {isa = PBXFileReference; fileEncoding = 4; lastKnownFileType = sourcecode.swift; path = ExperimentTableVC.swift; sourceTree = "<group>"; };
/* End PBXFileReference section */

/* Begin PBXFrameworksBuildPhase section */
		26FF52971EC1FC3400933BC5 /* Frameworks */ = {
			isa = PBXFrameworksBuildPhase;
			buildActionMask = 2147483647;
			files = (
			);
			runOnlyForDeploymentPostprocessing = 0;
		};
/* End PBXFrameworksBuildPhase section */

/* Begin PBXGroup section */
		26FF52911EC1FC3400933BC5 = {
			isa = PBXGroup;
			children = (
				26FF529C1EC1FC3400933BC5 /* MyDiploma */,
				26FF529B1EC1FC3400933BC5 /* Products */,
			);
			sourceTree = "<group>";
		};
		26FF529B1EC1FC3400933BC5 /* Products */ = {
			isa = PBXGroup;
			children = (
				26FF529A1EC1FC3400933BC5 /* MyDiploma.app */,
			);
			name = Products;
			sourceTree = "<group>";
		};
		26FF529C1EC1FC3400933BC5 /* MyDiploma */ = {
			isa = PBXGroup;
			children = (
				26FF52AF1EC1FE4100933BC5 /* UserNumInputs.swift */,
				26FF52B31EC2070F00933BC5 /* DataModel.swift */,
				26FF52B01EC1FE4100933BC5 /* PassCodeVC.swift */,
				26FF52B51EC226EE00933BC5 /* RegistrationVC.swift */,
				9380CE9B1EC4AE9F00C825E3 /* ExperimentTableVC.swift */,
				26FF52B91EC235DB00933BC5 /* LoginVC.swift */,
				26FF529D1EC1FC3400933BC5 /* AppDelegate.swift */,
				26FF529F1EC1FC3400933BC5 /* ViewController.swift */,
				26FF52A11EC1FC3400933BC5 /* Main.storyboard */,
				26FF52A41EC1FC3400933BC5 /* Assets.xcassets */,
				26FF52A61EC1FC3400933BC5 /* LaunchScreen.storyboard */,
				26FF52A91EC1FC3400933BC5 /* Info.plist */,
			);
			path = MyDiploma;
			sourceTree = "<group>";
		};
/* End PBXGroup section */

/* Begin PBXNativeTarget section */
		26FF52991EC1FC3400933BC5 /* MyDiploma */ = {
			isa = PBXNativeTarget;
			buildConfigurationList = 26FF52AC1EC1FC3400933BC5 /* Build configuration list for PBXNativeTarget "MyDiploma" */;
			buildPhases = (
				26FF52961EC1FC3400933BC5 /* Sources */,
				26FF52971EC1FC3400933BC5 /* Frameworks */,
				26FF52981EC1FC3400933BC5 /* Resources */,
			);
			buildRules = (
			);
			dependencies = (
			);
			name = MyDiploma;
			productName = MyDiploma;
			productReference = 26FF529A1EC1FC3400933BC5 /* MyDiploma.app */;
			productType = "com.apple.product-type.application";
		};
/* End PBXNativeTarget section */

/* Begin PBXProject section */
		26FF52921EC1FC3400933BC5 /* Project object */ = {
			isa = PBXProject;
			attributes = {
				LastSwiftUpdateCheck = 0800;
				LastUpgradeCheck = 0800;
				ORGANIZATIONNAME = "Булат Якупов";
				TargetAttributes = {
					26FF52991EC1FC3400933BC5 = {
						CreatedOnToolsVersion = 8.0;
						DevelopmentTeam = YJB24HLAND;
						ProvisioningStyle = Automatic;
					};
				};
			};
			buildConfigurationList = 26FF52951EC1FC3400933BC5 /* Build configuration list for PBXProject "MyDiploma" */;
			compatibilityVersion = "Xcode 3.2";
			developmentRegion = English;
			hasScannedForEncodings = 0;
			knownRegions = (
				en,
				Base,
			);
			mainGroup = 26FF52911EC1FC3400933BC5;
			productRefGroup = 26FF529B1EC1FC3400933BC5 /* Products */;
			projectDirPath = "";
			projectRoot = "";
			targets = (
				26FF52991EC1FC3400933BC5 /* MyDiploma */,
			);
		};
/* End PBXProject section */

/* Begin PBXResourcesBuildPhase section */
		26FF52981EC1FC3400933BC5 /* Resources */ = {
			isa = PBXResourcesBuildPhase;
			buildActionMask = 2147483647;
			files = (
				26FF52A81EC1FC3400933BC5 /* LaunchScreen.storyboard in Resources */,
				26FF52A51EC1FC3400933BC5 /* Assets.xcassets in Resources */,
				26FF52A31EC1FC3400933BC5 /* Main.storyboard in Resources */,
			);
			runOnlyForDeploymentPostprocessing = 0;
		};
/* End PBXResourcesBuildPhase section */

/* Begin PBXSourcesBuildPhase section */
		26FF52961EC1FC3400933BC5 /* Sources */ = {
			isa = PBXSourcesBuildPhase;
			buildActionMask = 2147483647;
			files = (
				26FF52B41EC2070F00933BC5 /* DataModel.swift in Sources */,
				26FF52B61EC226EE00933BC5 /* RegistrationVC.swift in Sources */,
				26FF52BA1EC235DB00933BC5 /* LoginVC.swift in Sources */,
				9380CE9C1EC4AE9F00C825E3 /* ExperimentTableVC.swift in Sources */,
				26FF52A01EC1FC3400933BC5 /* ViewController.swift in Sources */,
				26FF529E1EC1FC3400933BC5 /* AppDelegate.swift in Sources */,
				26FF52B21EC1FE4100933BC5 /* PassCodeVC.swift in Sources */,
				26FF52B11EC1FE4100933BC5 /* UserNumInputs.swift in Sources */,
			);
			runOnlyForDeploymentPostprocessing = 0;
		};
/* End PBXSourcesBuildPhase section */

/* Begin PBXVariantGroup section */
		26FF52A11EC1FC3400933BC5 /* Main.storyboard */ = {
			isa = PBXVariantGroup;
			children = (
				26FF52A21EC1FC3400933BC5 /* Base */,
			);
			name = Main.storyboard;
			sourceTree = "<group>";
		};
		26FF52A61EC1FC3400933BC5 /* LaunchScreen.storyboard */ = {
			isa = PBXVariantGroup;
			children = (
				26FF52A71EC1FC3400933BC5 /* Base */,
			);
			name = LaunchScreen.storyboard;
			sourceTree = "<group>";
		};
/* End PBXVariantGroup section */

/* Begin XCBuildConfiguration section */
		26FF52AA1EC1FC3400933BC5 /* Debug */ = {
			isa = XCBuildConfiguration;
			buildSettings = {
				ALWAYS_SEARCH_USER_PATHS = NO;
				CLANG_ANALYZER_NONNULL = YES;
				CLANG_CXX_LANGUAGE_STANDARD = "gnu++0x";
				CLANG_CXX_LIBRARY = "libc++";
				CLANG_ENABLE_MODULES = YES;
				CLANG_ENABLE_OBJC_ARC = YES;
				CLANG_WARN_BOOL_CONVERSION = YES;
				CLANG_WARN_CONSTANT_CONVERSION = YES;
				CLANG_WARN_DIRECT_OBJC_ISA_USAGE = YES_ERROR;
				CLANG_WARN_DOCUMENTATION_COMMENTS = YES;
				CLANG_WARN_EMPTY_BODY = YES;
				CLANG_WARN_ENUM_CONVERSION = YES;
				CLANG_WARN_INFINITE_RECURSION = YES;
				CLANG_WARN_INT_CONVERSION = YES;
				CLANG_WARN_OBJC_ROOT_CLASS = YES_ERROR;
				CLANG_WARN_SUSPICIOUS_MOVES = YES;
				CLANG_WARN_UNREACHABLE_CODE = YES;
				CLANG_WARN__DUPLICATE_METHOD_MATCH = YES;
				"CODE_SIGN_IDENTITY[sdk=iphoneos*]" = "iPhone Developer";
				COPY_PHASE_STRIP = NO;
				DEBUG_INFORMATION_FORMAT = dwarf;
				ENABLE_STRICT_OBJC_MSGSEND = YES;
				ENABLE_TESTABILITY = YES;
				GCC_C_LANGUAGE_STANDARD = gnu99;
				GCC_DYNAMIC_NO_PIC = NO;
				GCC_NO_COMMON_BLOCKS = YES;
				GCC_OPTIMIZATION_LEVEL = 0;
				GCC_PREPROCESSOR_DEFINITIONS = (
					"DEBUG=1",
					"$(inherited)",
				);
				GCC_WARN_64_TO_32_BIT_CONVERSION = YES;
				GCC_WARN_ABOUT_RETURN_TYPE = YES_ERROR;
				GCC_WARN_UNDECLARED_SELECTOR = YES;
				GCC_WARN_UNINITIALIZED_AUTOS = YES_AGGRESSIVE;
				GCC_WARN_UNUSED_FUNCTION = YES;
				GCC_WARN_UNUSED_VARIABLE = YES;
				IPHONEOS_DEPLOYMENT_TARGET = 10.0;
				MTL_ENABLE_DEBUG_INFO = YES;
				ONLY_ACTIVE_ARCH = YES;
				SDKROOT = iphoneos;
				SWIFT_ACTIVE_COMPILATION_CONDITIONS = DEBUG;
				SWIFT_OPTIMIZATION_LEVEL = "-Onone";
			};
			name = Debug;
		};
		26FF52AB1EC1FC3400933BC5 /* Release */ = {
			isa = XCBuildConfiguration;
			buildSettings = {
				ALWAYS_SEARCH_USER_PATHS = NO;
				CLANG_ANALYZER_NONNULL = YES;
				CLANG_CXX_LANGUAGE_STANDARD = "gnu++0x";
				CLANG_CXX_LIBRARY = "libc++";
				CLANG_ENABLE_MODULES = YES;
				CLANG_ENABLE_OBJC_ARC = YES;
				CLANG_WARN_BOOL_CONVERSION = YES;
				CLANG_WARN_CONSTANT_CONVERSION = YES;
				CLANG_WARN_DIRECT_OBJC_ISA_USAGE = YES_ERROR;
				CLANG_WARN_DOCUMENTATION_COMMENTS = YES;
				CLANG_WARN_EMPTY_BODY = YES;
				CLANG_WARN_ENUM_CONVERSION = YES;
				CLANG_WARN_INFINITE_RECURSION = YES;
				CLANG_WARN_INT_CONVERSION = YES;
				CLANG_WARN_OBJC_ROOT_CLASS = YES_ERROR;
				CLANG_WARN_SUSPICIOUS_MOVES = YES;
				CLANG_WARN_UNREACHABLE_CODE = YES;
				CLANG_WARN__DUPLICATE_METHOD_MATCH = YES;
				"CODE_SIGN_IDENTITY[sdk=iphoneos*]" = "iPhone Developer";
				COPY_PHASE_STRIP = NO;
				DEBUG_INFORMATION_FORMAT = "dwarf-with-dsym";
				ENABLE_NS_ASSERTIONS = NO;
				ENABLE_STRICT_OBJC_MSGSEND = YES;
				GCC_C_LANGUAGE_STANDARD = gnu99;
				GCC_NO_COMMON_BLOCKS = YES;
				GCC_WARN_64_TO_32_BIT_CONVERSION = YES;
				GCC_WARN_ABOUT_RETURN_TYPE = YES_ERROR;
				GCC_WARN_UNDECLARED_SELECTOR = YES;
				GCC_WARN_UNINITIALIZED_AUTOS = YES_AGGRESSIVE;
				GCC_WARN_UNUSED_FUNCTION = YES;
				GCC_WARN_UNUSED_VARIABLE = YES;
				IPHONEOS_DEPLOYMENT_TARGET = 10.0;
				MTL_ENABLE_DEBUG_INFO = NO;
				SDKROOT = iphoneos;
				SWIFT_OPTIMIZATION_LEVEL = "-Owholemodule";
				VALIDATE_PRODUCT = YES;
			};
			name = Release;
		};
		26FF52AD1EC1FC3400933BC5 /* Debug */ = {
			isa = XCBuildConfiguration;
			buildSettings = {
				ASSETCATALOG_COMPILER_APPICON_NAME = AppIcon;
				DEVELOPMENT_TEAM = YJB24HLAND;
				INFOPLIST_FILE = MyDiploma/Info.plist;
				LD_RUNPATH_SEARCH_PATHS = "$(inherited) @executable_path/Frameworks";
				PRODUCT_BUNDLE_IDENTIFIER = BulatYakupov.MyDiploma;
				PRODUCT_NAME = "$(TARGET_NAME)";
				SWIFT_VERSION = 3.0;
			};
			name = Debug;
		};
		26FF52AE1EC1FC3400933BC5 /* Release */ = {
			isa = XCBuildConfiguration;
			buildSettings = {
				ASSETCATALOG_COMPILER_APPICON_NAME = AppIcon;
				DEVELOPMENT_TEAM = YJB24HLAND;
				INFOPLIST_FILE = MyDiploma/Info.plist;
				LD_RUNPATH_SEARCH_PATHS = "$(inherited) @executable_path/Frameworks";
				PRODUCT_BUNDLE_IDENTIFIER = BulatYakupov.MyDiploma;
				PRODUCT_NAME = "$(TARGET_NAME)";
				SWIFT_VERSION = 3.0;
			};
			name = Release;
		};
/* End XCBuildConfiguration section */

/* Begin XCConfigurationList section */
		26FF52951EC1FC3400933BC5 /* Build configuration list for PBXProject "MyDiploma" */ = {
			isa = XCConfigurationList;
			buildConfigurations = (
				26FF52AA1EC1FC3400933BC5 /* Debug */,
				26FF52AB1EC1FC3400933BC5 /* Release */,
			);
			defaultConfigurationIsVisible = 0;
			defaultConfigurationName = Release;
		};
		26FF52AC1EC1FC3400933BC5 /* Build configuration list for PBXNativeTarget "MyDiploma" */ = {
			isa = XCConfigurationList;
			buildConfigurations = (
				26FF52AD1EC1FC3400933BC5 /* Debug */,
				26FF52AE1EC1FC3400933BC5 /* Release */,
			);
			defaultConfigurationIsVisible = 0;
			defaultConfigurationName = Release;
		};
/* End XCConfigurationList section */
	};
	rootObject = 26FF52921EC1FC3400933BC5 /* Project object */;
}
